// !$*UTF8*$!
{
	archiveVersion = 1;
	classes = {
	};
	objectVersion = 50;
	objects = {

/* Begin PBXBuildFile section */
		BA8F7474233E05180078709C /* AppDelegate.swift in Sources */ = {isa = PBXBuildFile; fileRef = BA8F7473233E05180078709C /* AppDelegate.swift */; };
		BA8F7476233E05180078709C /* ViewController.swift in Sources */ = {isa = PBXBuildFile; fileRef = BA8F7475233E05180078709C /* ViewController.swift */; };
		BA8F7479233E05180078709C /* Main.storyboard in Resources */ = {isa = PBXBuildFile; fileRef = BA8F7477233E05180078709C /* Main.storyboard */; };
		BA8F747B233E051A0078709C /* Assets.xcassets in Resources */ = {isa = PBXBuildFile; fileRef = BA8F747A233E051A0078709C /* Assets.xcassets */; };
		BA8F747E233E051A0078709C /* LaunchScreen.storyboard in Resources */ = {isa = PBXBuildFile; fileRef = BA8F747C233E051A0078709C /* LaunchScreen.storyboard */; };
		BA8F7489233E051A0078709C /* MyMapViewTests.swift in Sources */ = {isa = PBXBuildFile; fileRef = BA8F7488233E051A0078709C /* MyMapViewTests.swift */; };
		BA8F7494233E051A0078709C /* MyMapViewUITests.swift in Sources */ = {isa = PBXBuildFile; fileRef = BA8F7493233E051A0078709C /* MyMapViewUITests.swift */; };
/* End PBXBuildFile section */

/* Begin PBXContainerItemProxy section */
		BA8F7485233E051A0078709C /* PBXContainerItemProxy */ = {
			isa = PBXContainerItemProxy;
			containerPortal = BA8F7468233E05180078709C /* Project object */;
			proxyType = 1;
			remoteGlobalIDString = BA8F746F233E05180078709C;
			remoteInfo = MyMapView;
		};
		BA8F7490233E051A0078709C /* PBXContainerItemProxy */ = {
			isa = PBXContainerItemProxy;
			containerPortal = BA8F7468233E05180078709C /* Project object */;
			proxyType = 1;
			remoteGlobalIDString = BA8F746F233E05180078709C;
			remoteInfo = MyMapView;
		};
/* End PBXContainerItemProxy section */

/* Begin PBXFileReference section */
		BA8F7470233E05180078709C /* MyMapView.app */ = {isa = PBXFileReference; explicitFileType = wrapper.application; includeInIndex = 0; path = MyMapView.app; sourceTree = BUILT_PRODUCTS_DIR; };
		BA8F7473233E05180078709C /* AppDelegate.swift */ = {isa = PBXFileReference; lastKnownFileType = sourcecode.swift; path = AppDelegate.swift; sourceTree = "<group>"; };
		BA8F7475233E05180078709C /* ViewController.swift */ = {isa = PBXFileReference; lastKnownFileType = sourcecode.swift; path = ViewController.swift; sourceTree = "<group>"; };
		BA8F7478233E05180078709C /* Base */ = {isa = PBXFileReference; lastKnownFileType = file.storyboard; name = Base; path = Base.lproj/Main.storyboard; sourceTree = "<group>"; };
		BA8F747A233E051A0078709C /* Assets.xcassets */ = {isa = PBXFileReference; lastKnownFileType = folder.assetcatalog; path = Assets.xcassets; sourceTree = "<group>"; };
		BA8F747D233E051A0078709C /* Base */ = {isa = PBXFileReference; lastKnownFileType = file.storyboard; name = Base; path = Base.lproj/LaunchScreen.storyboard; sourceTree = "<group>"; };
		BA8F747F233E051A0078709C /* Info.plist */ = {isa = PBXFileReference; lastKnownFileType = text.plist.xml; path = Info.plist; sourceTree = "<group>"; };
		BA8F7484233E051A0078709C /* MyMapViewTests.xctest */ = {isa = PBXFileReference; explicitFileType = wrapper.cfbundle; includeInIndex = 0; path = MyMapViewTests.xctest; sourceTree = BUILT_PRODUCTS_DIR; };
		BA8F7488233E051A0078709C /* MyMapViewTests.swift */ = {isa = PBXFileReference; lastKnownFileType = sourcecode.swift; path = MyMapViewTests.swift; sourceTree = "<group>"; };
		BA8F748A233E051A0078709C /* Info.plist */ = {isa = PBXFileReference; lastKnownFileType = text.plist.xml; path = Info.plist; sourceTree = "<group>"; };
		BA8F748F233E051A0078709C /* MyMapViewUITests.xctest */ = {isa = PBXFileReference; explicitFileType = wrapper.cfbundle; includeInIndex = 0; path = MyMapViewUITests.xctest; sourceTree = BUILT_PRODUCTS_DIR; };
		BA8F7493233E051A0078709C /* MyMapViewUITests.swift */ = {isa = PBXFileReference; lastKnownFileType = sourcecode.swift; path = MyMapViewUITests.swift; sourceTree = "<group>"; };
		BA8F7495233E051A0078709C /* Info.plist */ = {isa = PBXFileReference; lastKnownFileType = text.plist.xml; path = Info.plist; sourceTree = "<group>"; };
/* End PBXFileReference section */

/* Begin PBXFrameworksBuildPhase section */
		BA8F746D233E05180078709C /* Frameworks */ = {
			isa = PBXFrameworksBuildPhase;
			buildActionMask = 2147483647;
			files = (
			);
			runOnlyForDeploymentPostprocessing = 0;
		};
		BA8F7481233E051A0078709C /* Frameworks */ = {
			isa = PBXFrameworksBuildPhase;
			buildActionMask = 2147483647;
			files = (
			);
			runOnlyForDeploymentPostprocessing = 0;
		};
		BA8F748C233E051A0078709C /* Frameworks */ = {
			isa = PBXFrameworksBuildPhase;
			buildActionMask = 2147483647;
			files = (
			);
			runOnlyForDeploymentPostprocessing = 0;
		};
/* End PBXFrameworksBuildPhase section */

/* Begin PBXGroup section */
		BA8F7467233E05180078709C = {
			isa = PBXGroup;
			children = (
				BA8F7472233E05180078709C /* MyMapView */,
				BA8F7487233E051A0078709C /* MyMapViewTests */,
				BA8F7492233E051A0078709C /* MyMapViewUITests */,
				BA8F7471233E05180078709C /* Products */,
			);
			sourceTree = "<group>";
		};
		BA8F7471233E05180078709C /* Products */ = {
			isa = PBXGroup;
			children = (
				BA8F7470233E05180078709C /* MyMapView.app */,
				BA8F7484233E051A0078709C /* MyMapViewTests.xctest */,
				BA8F748F233E051A0078709C /* MyMapViewUITests.xctest */,
			);
			name = Products;
			sourceTree = "<group>";
		};
		BA8F7472233E05180078709C /* MyMapView */ = {
			isa = PBXGroup;
			children = (
				BA8F7473233E05180078709C /* AppDelegate.swift */,
				BA8F7475233E05180078709C /* ViewController.swift */,
				BA8F7477233E05180078709C /* Main.storyboard */,
				BA8F747A233E051A0078709C /* Assets.xcassets */,
				BA8F747C233E051A0078709C /* LaunchScreen.storyboard */,
				BA8F747F233E051A0078709C /* Info.plist */,
			);
			path = MyMapView;
			sourceTree = "<group>";
		};
		BA8F7487233E051A0078709C /* MyMapViewTests */ = {
			isa = PBXGroup;
			children = (
				BA8F7488233E051A0078709C /* MyMapViewTests.swift */,
				BA8F748A233E051A0078709C /* Info.plist */,
			);
			path = MyMapViewTests;
			sourceTree = "<group>";
		};
		BA8F7492233E051A0078709C /* MyMapViewUITests */ = {
			isa = PBXGroup;
			children = (
				BA8F7493233E051A0078709C /* MyMapViewUITests.swift */,
				BA8F7495233E051A0078709C /* Info.plist */,
			);
			path = MyMapViewUITests;
			sourceTree = "<group>";
		};
/* End PBXGroup section */

/* Begin PBXNativeTarget section */
		BA8F746F233E05180078709C /* MyMapView */ = {
			isa = PBXNativeTarget;
			buildConfigurationList = BA8F7498233E051A0078709C /* Build configuration list for PBXNativeTarget "MyMapView" */;
			buildPhases = (
				BA8F746C233E05180078709C /* Sources */,
				BA8F746D233E05180078709C /* Frameworks */,
				BA8F746E233E05180078709C /* Resources */,
			);
			buildRules = (
			);
			dependencies = (
			);
			name = MyMapView;
			productName = MyMapView;
			productReference = BA8F7470233E05180078709C /* MyMapView.app */;
			productType = "com.apple.product-type.application";
		};
		BA8F7483233E051A0078709C /* MyMapViewTests */ = {
			isa = PBXNativeTarget;
			buildConfigurationList = BA8F749B233E051A0078709C /* Build configuration list for PBXNativeTarget "MyMapViewTests" */;
			buildPhases = (
				BA8F7480233E051A0078709C /* Sources */,
				BA8F7481233E051A0078709C /* Frameworks */,
				BA8F7482233E051A0078709C /* Resources */,
			);
			buildRules = (
			);
			dependencies = (
				BA8F7486233E051A0078709C /* PBXTargetDependency */,
			);
			name = MyMapViewTests;
			productName = MyMapViewTests;
			productReference = BA8F7484233E051A0078709C /* MyMapViewTests.xctest */;
			productType = "com.apple.product-type.bundle.unit-test";
		};
		BA8F748E233E051A0078709C /* MyMapViewUITests */ = {
			isa = PBXNativeTarget;
			buildConfigurationList = BA8F749E233E051A0078709C /* Build configuration list for PBXNativeTarget "MyMapViewUITests" */;
			buildPhases = (
				BA8F748B233E051A0078709C /* Sources */,
				BA8F748C233E051A0078709C /* Frameworks */,
				BA8F748D233E051A0078709C /* Resources */,
			);
			buildRules = (
			);
			dependencies = (
				BA8F7491233E051A0078709C /* PBXTargetDependency */,
			);
			name = MyMapViewUITests;
			productName = MyMapViewUITests;
			productReference = BA8F748F233E051A0078709C /* MyMapViewUITests.xctest */;
			productType = "com.apple.product-type.bundle.ui-testing";
		};
/* End PBXNativeTarget section */

/* Begin PBXProject section */
		BA8F7468233E05180078709C /* Project object */ = {
			isa = PBXProject;
			attributes = {
				LastSwiftUpdateCheck = 1030;
				LastUpgradeCheck = 1030;
				ORGANIZATIONNAME = "Neha Pant";
				TargetAttributes = {
					BA8F746F233E05180078709C = {
						CreatedOnToolsVersion = 10.3;
					};
					BA8F7483233E051A0078709C = {
						CreatedOnToolsVersion = 10.3;
						TestTargetID = BA8F746F233E05180078709C;
					};
					BA8F748E233E051A0078709C = {
						CreatedOnToolsVersion = 10.3;
						TestTargetID = BA8F746F233E05180078709C;
					};
				};
			};
			buildConfigurationList = BA8F746B233E05180078709C /* Build configuration list for PBXProject "MyMapView" */;
			compatibilityVersion = "Xcode 9.3";
			developmentRegion = en;
			hasScannedForEncodings = 0;
			knownRegions = (
				en,
				Base,
			);
			mainGroup = BA8F7467233E05180078709C;
			productRefGroup = BA8F7471233E05180078709C /* Products */;
			projectDirPath = "";
			projectRoot = "";
			targets = (
				BA8F746F233E05180078709C /* MyMapView */,
				BA8F7483233E051A0078709C /* MyMapViewTests */,
				BA8F748E233E051A0078709C /* MyMapViewUITests */,
			);
		};
/* End PBXProject section */

/* Begin PBXResourcesBuildPhase section */
		BA8F746E233E05180078709C /* Resources */ = {
			isa = PBXResourcesBuildPhase;
			buildActionMask = 2147483647;
			files = (
				BA8F747E233E051A0078709C /* LaunchScreen.storyboard in Resources */,
				BA8F747B233E051A0078709C /* Assets.xcassets in Resources */,
				BA8F7479233E05180078709C /* Main.storyboard in Resources */,
			);
			runOnlyForDeploymentPostprocessing = 0;
		};
		BA8F7482233E051A0078709C /* Resources */ = {
			isa = PBXResourcesBuildPhase;
			buildActionMask = 2147483647;
			files = (
			);
			runOnlyForDeploymentPostprocessing = 0;
		};
		BA8F748D233E051A0078709C /* Resources */ = {
			isa = PBXResourcesBuildPhase;
			buildActionMask = 2147483647;
			files = (
			);
			runOnlyForDeploymentPostprocessing = 0;
		};
/* End PBXResourcesBuildPhase section */

/* Begin PBXSourcesBuildPhase section */
		BA8F746C233E05180078709C /* Sources */ = {
			isa = PBXSourcesBuildPhase;
			buildActionMask = 2147483647;
			files = (
				BA8F7476233E05180078709C /* ViewController.swift in Sources */,
				BA8F7474233E05180078709C /* AppDelegate.swift in Sources */,
			);
			runOnlyForDeploymentPostprocessing = 0;
		};
		BA8F7480233E051A0078709C /* Sources */ = {
			isa = PBXSourcesBuildPhase;
			buildActionMask = 2147483647;
			files = (
				BA8F7489233E051A0078709C /* MyMapViewTests.swift in Sources */,
			);
			runOnlyForDeploymentPostprocessing = 0;
		};
		BA8F748B233E051A0078709C /* Sources */ = {
			isa = PBXSourcesBuildPhase;
			buildActionMask = 2147483647;
			files = (
				BA8F7494233E051A0078709C /* MyMapViewUITests.swift in Sources */,
			);
			runOnlyForDeploymentPostprocessing = 0;
		};
/* End PBXSourcesBuildPhase section */

/* Begin PBXTargetDependency section */
		BA8F7486233E051A0078709C /* PBXTargetDependency */ = {
			isa = PBXTargetDependency;
			target = BA8F746F233E05180078709C /* MyMapView */;
			targetProxy = BA8F7485233E051A0078709C /* PBXContainerItemProxy */;
		};
		BA8F7491233E051A0078709C /* PBXTargetDependency */ = {
			isa = PBXTargetDependency;
			target = BA8F746F233E05180078709C /* MyMapView */;
			targetProxy = BA8F7490233E051A0078709C /* PBXContainerItemProxy */;
		};
/* End PBXTargetDependency section */

/* Begin PBXVariantGroup section */
		BA8F7477233E05180078709C /* Main.storyboard */ = {
			isa = PBXVariantGroup;
			children = (
				BA8F7478233E05180078709C /* Base */,
			);
			name = Main.storyboard;
			sourceTree = "<group>";
		};
		BA8F747C233E051A0078709C /* LaunchScreen.storyboard */ = {
			isa = PBXVariantGroup;
			children = (
				BA8F747D233E051A0078709C /* Base */,
			);
			name = LaunchScreen.storyboard;
			sourceTree = "<group>";
		};
/* End PBXVariantGroup section */

/* Begin XCBuildConfiguration section */
		BA8F7496233E051A0078709C /* Debug */ = {
			isa = XCBuildConfiguration;
			buildSettings = {
				ALWAYS_SEARCH_USER_PATHS = NO;
				CLANG_ANALYZER_NONNULL = YES;
				CLANG_ANALYZER_NUMBER_OBJECT_CONVERSION = YES_AGGRESSIVE;
				CLANG_CXX_LANGUAGE_STANDARD = "gnu++14";
				CLANG_CXX_LIBRARY = "libc++";
				CLANG_ENABLE_MODULES = YES;
				CLANG_ENABLE_OBJC_ARC = YES;
				CLANG_ENABLE_OBJC_WEAK = YES;
				CLANG_WARN_BLOCK_CAPTURE_AUTORELEASING = YES;
				CLANG_WARN_BOOL_CONVERSION = YES;
				CLANG_WARN_COMMA = YES;
				CLANG_WARN_CONSTANT_CONVERSION = YES;
				CLANG_WARN_DEPRECATED_OBJC_IMPLEMENTATIONS = YES;
				CLANG_WARN_DIRECT_OBJC_ISA_USAGE = YES_ERROR;
				CLANG_WARN_DOCUMENTATION_COMMENTS = YES;
				CLANG_WARN_EMPTY_BODY = YES;
				CLANG_WARN_ENUM_CONVERSION = YES;
				CLANG_WARN_INFINITE_RECURSION = YES;
				CLANG_WARN_INT_CONVERSION = YES;
				CLANG_WARN_NON_LITERAL_NULL_CONVERSION = YES;
				CLANG_WARN_OBJC_IMPLICIT_RETAIN_SELF = YES;
				CLANG_WARN_OBJC_LITERAL_CONVERSION = YES;
				CLANG_WARN_OBJC_ROOT_CLASS = YES_ERROR;
				CLANG_WARN_RANGE_LOOP_ANALYSIS = YES;
				CLANG_WARN_STRICT_PROTOTYPES = YES;
				CLANG_WARN_SUSPICIOUS_MOVE = YES;
				CLANG_WARN_UNGUARDED_AVAILABILITY = YES_AGGRESSIVE;
				CLANG_WARN_UNREACHABLE_CODE = YES;
				CLANG_WARN__DUPLICATE_METHOD_MATCH = YES;
				CODE_SIGN_IDENTITY = "iPhone Developer";
				COPY_PHASE_STRIP = NO;
				DEBUG_INFORMATION_FORMAT = dwarf;
				ENABLE_STRICT_OBJC_MSGSEND = YES;
				ENABLE_TESTABILITY = YES;
				GCC_C_LANGUAGE_STANDARD = gnu11;
				GCC_DYNAMIC_NO_PIC = NO;
				GCC_NO_COMMON_BLOCKS = YES;
				GCC_OPTIMIZATION_LEVEL = 0;
				GCC_PREPROCESSOR_DEFINITIONS = (
					"DEBUG=1",
					"$(inherited)",
				);
				GCC_WARN_64_TO_32_BIT_CONVERSION = YES;
				GCC_WARN_ABOUT_RETURN_TYPE = YES_ERROR;
				GCC_WARN_UNDECLARED_SELECTOR = YES;
				GCC_WARN_UNINITIALIZED_AUTOS = YES_AGGRESSIVE;
				GCC_WARN_UNUSED_FUNCTION = YES;
				GCC_WARN_UNUSED_VARIABLE = YES;
				IPHONEOS_DEPLOYMENT_TARGET = 12.4;
				MTL_ENABLE_DEBUG_INFO = INCLUDE_SOURCE;
				MTL_FAST_MATH = YES;
				ONLY_ACTIVE_ARCH = YES;
				SDKROOT = iphoneos;
				SWIFT_ACTIVE_COMPILATION_CONDITIONS = DEBUG;
				SWIFT_OPTIMIZATION_LEVEL = "-Onone";
			};
			name = Debug;
		};
		BA8F7497233E051A0078709C /* Release */ = {
			isa = XCBuildConfiguration;
			buildSettings = {
				ALWAYS_SEARCH_USER_PATHS = NO;
				CLANG_ANALYZER_NONNULL = YES;
				CLANG_ANALYZER_NUMBER_OBJECT_CONVERSION = YES_AGGRESSIVE;
				CLANG_CXX_LANGUAGE_STANDARD = "gnu++14";
				CLANG_CXX_LIBRARY = "libc++";
				CLANG_ENABLE_MODULES = YES;
				CLANG_ENABLE_OBJC_ARC = YES;
				CLANG_ENABLE_OBJC_WEAK = YES;
				CLANG_WARN_BLOCK_CAPTURE_AUTORELEASING = YES;
				CLANG_WARN_BOOL_CONVERSION = YES;
				CLANG_WARN_COMMA = YES;
				CLANG_WARN_CONSTANT_CONVERSION = YES;
				CLANG_WARN_DEPRECATED_OBJC_IMPLEMENTATIONS = YES;
				CLANG_WARN_DIRECT_OBJC_ISA_USAGE = YES_ERROR;
				CLANG_WARN_DOCUMENTATION_COMMENTS = YES;
				CLANG_WARN_EMPTY_BODY = YES;
				CLANG_WARN_ENUM_CONVERSION = YES;
				CLANG_WARN_INFINITE_RECURSION = YES;
				CLANG_WARN_INT_CONVERSION = YES;
				CLANG_WARN_NON_LITERAL_NULL_CONVERSION = YES;
				CLANG_WARN_OBJC_IMPLICIT_RETAIN_SELF = YES;
				CLANG_WARN_OBJC_LITERAL_CONVERSION = YES;
				CLANG_WARN_OBJC_ROOT_CLASS = YES_ERROR;
				CLANG_WARN_RANGE_LOOP_ANALYSIS = YES;
				CLANG_WARN_STRICT_PROTOTYPES = YES;
				CLANG_WARN_SUSPICIOUS_MOVE = YES;
				CLANG_WARN_UNGUARDED_AVAILABILITY = YES_AGGRESSIVE;
				CLANG_WARN_UNREACHABLE_CODE = YES;
				CLANG_WARN__DUPLICATE_METHOD_MATCH = YES;
				CODE_SIGN_IDENTITY = "iPhone Developer";
				COPY_PHASE_STRIP = NO;
				DEBUG_INFORMATION_FORMAT = "dwarf-with-dsym";
				ENABLE_NS_ASSERTIONS = NO;
				ENABLE_STRICT_OBJC_MSGSEND = YES;
				GCC_C_LANGUAGE_STANDARD = gnu11;
				GCC_NO_COMMON_BLOCKS = YES;
				GCC_WARN_64_TO_32_BIT_CONVERSION = YES;
				GCC_WARN_ABOUT_RETURN_TYPE = YES_ERROR;
				GCC_WARN_UNDECLARED_SELECTOR = YES;
				GCC_WARN_UNINITIALIZED_AUTOS = YES_AGGRESSIVE;
				GCC_WARN_UNUSED_FUNCTION = YES;
				GCC_WARN_UNUSED_VARIABLE = YES;
				IPHONEOS_DEPLOYMENT_TARGET = 12.4;
				MTL_ENABLE_DEBUG_INFO = NO;
				MTL_FAST_MATH = YES;
				SDKROOT = iphoneos;
				SWIFT_COMPILATION_MODE = wholemodule;
				SWIFT_OPTIMIZATION_LEVEL = "-O";
				VALIDATE_PRODUCT = YES;
			};
			name = Release;
		};
		BA8F7499233E051A0078709C /* Debug */ = {
			isa = XCBuildConfiguration;
			buildSettings = {
				ASSETCATALOG_COMPILER_APPICON_NAME = AppIcon;
				CODE_SIGN_STYLE = Automatic;
				DEVELOPMENT_TEAM = DBL8Z8YSKB;
				INFOPLIST_FILE = MyMapView/Info.plist;
				IPHONEOS_DEPLOYMENT_TARGET = 11.4;
				LD_RUNPATH_SEARCH_PATHS = (
					"$(inherited)",
					"@executable_path/Frameworks",
				);
				PRODUCT_BUNDLE_IDENTIFIER = access.test.MyMapView;
				PRODUCT_NAME = "$(TARGET_NAME)";
				SWIFT_VERSION = 5.0;
				TARGETED_DEVICE_FAMILY = "1,2";
			};
			name = Debug;
		};
		BA8F749A233E051A0078709C /* Release */ = {
			isa = XCBuildConfiguration;
			buildSettings = {
				ASSETCATALOG_COMPILER_APPICON_NAME = AppIcon;
				CODE_SIGN_STYLE = Automatic;
				DEVELOPMENT_TEAM = DBL8Z8YSKB;
				INFOPLIST_FILE = MyMapView/Info.plist;
				IPHONEOS_DEPLOYMENT_TARGET = 11.4;
				LD_RUNPATH_SEARCH_PATHS = (
					"$(inherited)",
					"@executable_path/Frameworks",
				);
				PRODUCT_BUNDLE_IDENTIFIER = access.test.MyMapView;
				PRODUCT_NAME = "$(TARGET_NAME)";
				SWIFT_VERSION = 5.0;
				TARGETED_DEVICE_FAMILY = "1,2";
			};
			name = Release;
		};
		BA8F749C233E051A0078709C /* Debug */ = {
			isa = XCBuildConfiguration;
			buildSettings = {
				ALWAYS_EMBED_SWIFT_STANDARD_LIBRARIES = YES;
				BUNDLE_LOADER = "$(TEST_HOST)";
				CODE_SIGN_STYLE = Automatic;
				INFOPLIST_FILE = MyMapViewTests/Info.plist;
				LD_RUNPATH_SEARCH_PATHS = (
					"$(inherited)",
					"@executable_path/Frameworks",
					"@loader_path/Frameworks",
				);
				PRODUCT_BUNDLE_IDENTIFIER = access.test.MyMapViewTests;
				PRODUCT_NAME = "$(TARGET_NAME)";
				SWIFT_VERSION = 5.0;
				TARGETED_DEVICE_FAMILY = "1,2";
				TEST_HOST = "$(BUILT_PRODUCTS_DIR)/MyMapView.app/MyMapView";
			};
			name = Debug;
		};
		BA8F749D233E051A0078709C /* Release */ = {
			isa = XCBuildConfiguration;
			buildSettings = {
				ALWAYS_EMBED_SWIFT_STANDARD_LIBRARIES = YES;
				BUNDLE_LOADER = "$(TEST_HOST)";
				CODE_SIGN_STYLE = Automatic;
				INFOPLIST_FILE = MyMapViewTests/Info.plist;
				LD_RUNPATH_SEARCH_PATHS = (
					"$(inherited)",
					"@executable_path/Frameworks",
					"@loader_path/Frameworks",
				);
				PRODUCT_BUNDLE_IDENTIFIER = access.test.MyMapViewTests;
				PRODUCT_NAME = "$(TARGET_NAME)";
				SWIFT_VERSION = 5.0;
				TARGETED_DEVICE_FAMILY = "1,2";
				TEST_HOST = "$(BUILT_PRODUCTS_DIR)/MyMapView.app/MyMapView";
			};
			name = Release;
		};
		BA8F749F233E051A0078709C /* Debug */ = {
			isa = XCBuildConfiguration;
			buildSettings = {
				ALWAYS_EMBED_SWIFT_STANDARD_LIBRARIES = YES;
				CODE_SIGN_STYLE = Automatic;
				INFOPLIST_FILE = MyMapViewUITests/Info.plist;
				LD_RUNPATH_SEARCH_PATHS = (
					"$(inherited)",
					"@executable_path/Frameworks",
					"@loader_path/Frameworks",
				);
				PRODUCT_BUNDLE_IDENTIFIER = access.test.MyMapViewUITests;
				PRODUCT_NAME = "$(TARGET_NAME)";
				SWIFT_VERSION = 5.0;
				TARGETED_DEVICE_FAMILY = "1,2";
				TEST_TARGET_NAME = MyMapView;
			};
			name = Debug;
		};
		BA8F74A0233E051A0078709C /* Release */ = {
			isa = XCBuildConfiguration;
			buildSettings = {
				ALWAYS_EMBED_SWIFT_STANDARD_LIBRARIES = YES;
				CODE_SIGN_STYLE = Automatic;
				INFOPLIST_FILE = MyMapViewUITests/Info.plist;
				LD_RUNPATH_SEARCH_PATHS = (
					"$(inherited)",
					"@executable_path/Frameworks",
					"@loader_path/Frameworks",
				);
				PRODUCT_BUNDLE_IDENTIFIER = access.test.MyMapViewUITests;
				PRODUCT_NAME = "$(TARGET_NAME)";
				SWIFT_VERSION = 5.0;
				TARGETED_DEVICE_FAMILY = "1,2";
				TEST_TARGET_NAME = MyMapView;
			};
			name = Release;
		};
/* End XCBuildConfiguration section */

/* Begin XCConfigurationList section */
		BA8F746B233E05180078709C /* Build configuration list for PBXProject "MyMapView" */ = {
			isa = XCConfigurationList;
			buildConfigurations = (
				BA8F7496233E051A0078709C /* Debug */,
				BA8F7497233E051A0078709C /* Release */,
			);
			defaultConfigurationIsVisible = 0;
			defaultConfigurationName = Release;
		};
		BA8F7498233E051A0078709C /* Build configuration list for PBXNativeTarget "MyMapView" */ = {
			isa = XCConfigurationList;
			buildConfigurations = (
				BA8F7499233E051A0078709C /* Debug */,
				BA8F749A233E051A0078709C /* Release */,
			);
			defaultConfigurationIsVisible = 0;
			defaultConfigurationName = Release;
		};
		BA8F749B233E051A0078709C /* Build configuration list for PBXNativeTarget "MyMapViewTests" */ = {
			isa = XCConfigurationList;
			buildConfigurations = (
				BA8F749C233E051A0078709C /* Debug */,
				BA8F749D233E051A0078709C /* Release */,
			);
			defaultConfigurationIsVisible = 0;
			defaultConfigurationName = Release;
		};
		BA8F749E233E051A0078709C /* Build configuration list for PBXNativeTarget "MyMapViewUITests" */ = {
			isa = XCConfigurationList;
			buildConfigurations = (
				BA8F749F233E051A0078709C /* Debug */,
				BA8F74A0233E051A0078709C /* Release */,
			);
			defaultConfigurationIsVisible = 0;
			defaultConfigurationName = Release;
		};
/* End XCConfigurationList section */
	};
	rootObject = BA8F7468233E05180078709C /* Project object */;
}
